// !$*UTF8*$!
{
	archiveVersion = 1;
	classes = {
	};
	objectVersion = 46;
	objects = {

/* Begin PBXBuildFile section */
		2D1445B9142BD32100465EB3 /* GAScriptEngine.h in CopyFiles */ = {isa = PBXBuildFile; fileRef = 2D8500AC1381647F00758EA2 /* GAScriptEngine.h */; };
		2D1445BA142BD32400465EB3 /* GAScriptObject.h in CopyFiles */ = {isa = PBXBuildFile; fileRef = 49F1DBDA12A3F64A004C8736 /* GAScriptObject.h */; };
		2D1445BB142BD32600465EB3 /* GAScriptMethodSignatures.h in CopyFiles */ = {isa = PBXBuildFile; fileRef = 498A2C4E13928F6600B95CC9 /* GAScriptMethodSignatures.h */; };
		2D1445BC142BD32A00465EB3 /* NSObject+GAJavaScript.h in CopyFiles */ = {isa = PBXBuildFile; fileRef = 493386AA12B582A300FBE23C /* NSObject+GAJavaScript.h */; };
		2D1445BD142BD32D00465EB3 /* UIWebView+GAJavaScript.h in CopyFiles */ = {isa = PBXBuildFile; fileRef = 49F1DC8D12A3F7E2004C8736 /* UIWebView+GAJavaScript.h */; };
		2D1445BF142BD95D00465EB3 /* GAScriptBlockObject.h in CopyFiles */ = {isa = PBXBuildFile; fileRef = 2D81DF5D139D796900CA599F /* GAScriptBlockObject.h */; };
		2D1445C0142BD98E00465EB3 /* GADebugMacros.h in CopyFiles */ = {isa = PBXBuildFile; fileRef = 2D9106E31427E5F0002062A1 /* GADebugMacros.h */; };
		2D5994871382B0F0006B728D /* TScriptEngine.m in Sources */ = {isa = PBXBuildFile; fileRef = 2D5994861382B0F0006B728D /* TScriptEngine.m */; };
		2D81DF5F139D796900CA599F /* GAScriptBlockObject.h in Headers */ = {isa = PBXBuildFile; fileRef = 2D81DF5D139D796900CA599F /* GAScriptBlockObject.h */; settings = {ATTRIBUTES = (Public, ); }; };
		2D8500AE1381647F00758EA2 /* GAScriptEngine.h in Headers */ = {isa = PBXBuildFile; fileRef = 2D8500AC1381647F00758EA2 /* GAScriptEngine.h */; settings = {ATTRIBUTES = (Public, ); }; };
		2D8500AF1381647F00758EA2 /* GAScriptEngine.m in Sources */ = {isa = PBXBuildFile; fileRef = 2D8500AD1381647F00758EA2 /* GAScriptEngine.m */; };
		2D8500B213816B2100758EA2 /* TestWebViewContent.html in Resources */ = {isa = PBXBuildFile; fileRef = 2D8500B113816B2100758EA2 /* TestWebViewContent.html */; };
		2D9106E41427E5F0002062A1 /* GADebugMacros.h in Headers */ = {isa = PBXBuildFile; fileRef = 2D9106E31427E5F0002062A1 /* GADebugMacros.h */; settings = {ATTRIBUTES = (Public, ); }; };
		2DBE365513BDF04200E9AA11 /* QuartzCore.framework in Frameworks */ = {isa = PBXBuildFile; fileRef = 2DBE365413BDF04200E9AA11 /* QuartzCore.framework */; };
		2DBE365B13BDFC1A00E9AA11 /* QuartzCore.framework in Frameworks */ = {isa = PBXBuildFile; fileRef = 2DBE365413BDF04200E9AA11 /* QuartzCore.framework */; };
		2DC139A613B3AC5E0026D4D5 /* GHUnitIOS.framework in Frameworks */ = {isa = PBXBuildFile; fileRef = 2DC139A513B3AC5D0026D4D5 /* GHUnitIOS.framework */; };
		493383BB12B433F000FBE23C /* main.m in Sources */ = {isa = PBXBuildFile; fileRef = 493383BA12B433F000FBE23C /* main.m */; };
		4933848612B4373600FBE23C /* TScriptObject.m in Sources */ = {isa = PBXBuildFile; fileRef = 4933848512B4373600FBE23C /* TScriptObject.m */; };
		4933848C12B437CD00FBE23C /* CoreGraphics.framework in Frameworks */ = {isa = PBXBuildFile; fileRef = 4933848B12B437CD00FBE23C /* CoreGraphics.framework */; };
		493385BA12B5559B00FBE23C /* libGAJavaScript.a in Frameworks */ = {isa = PBXBuildFile; fileRef = D2AAC07E0554694100DB518D /* libGAJavaScript.a */; };
		493386AC12B582A300FBE23C /* NSObject+GAJavaScript.h in Headers */ = {isa = PBXBuildFile; fileRef = 493386AA12B582A300FBE23C /* NSObject+GAJavaScript.h */; settings = {ATTRIBUTES = (Public, ); }; };
		493386AD12B582A300FBE23C /* NSObject+GAJavaScript.m in Sources */ = {isa = PBXBuildFile; fileRef = 493386AB12B582A300FBE23C /* NSObject+GAJavaScript.m */; };
		4933871412B58C9E00FBE23C /* TWebView.m in Sources */ = {isa = PBXBuildFile; fileRef = 4933870F12B58C5700FBE23C /* TWebView.m */; };
		4983385F13782DFC0006B26A /* ApplicationDelegate.m in Sources */ = {isa = PBXBuildFile; fileRef = 4983385E13782DFC0006B26A /* ApplicationDelegate.m */; };
		498A2C5013928F6600B95CC9 /* GAScriptMethodSignatures.h in Headers */ = {isa = PBXBuildFile; fileRef = 498A2C4E13928F6600B95CC9 /* GAScriptMethodSignatures.h */; settings = {ATTRIBUTES = (Public, ); }; };
		498A2C5113928F6600B95CC9 /* GAScriptMethodSignatures.m in Sources */ = {isa = PBXBuildFile; fileRef = 498A2C4F13928F6600B95CC9 /* GAScriptMethodSignatures.m */; };
		49CB0D911417E6DC00C2C4F6 /* TObjectCategories.m in Sources */ = {isa = PBXBuildFile; fileRef = 49CB0D901417E6DC00C2C4F6 /* TObjectCategories.m */; };
		49F1DBDE12A3F64A004C8736 /* GAScriptObject.h in Headers */ = {isa = PBXBuildFile; fileRef = 49F1DBDA12A3F64A004C8736 /* GAScriptObject.h */; settings = {ATTRIBUTES = (Public, ); }; };
		49F1DBDF12A3F64A004C8736 /* GAScriptObject.m in Sources */ = {isa = PBXBuildFile; fileRef = 49F1DBDB12A3F64A004C8736 /* GAScriptObject.m */; };
		49F1DBE512A3F67A004C8736 /* UIKit.framework in Frameworks */ = {isa = PBXBuildFile; fileRef = 49F1DBE412A3F67A004C8736 /* UIKit.framework */; };
		49F1DC8F12A3F7E2004C8736 /* UIWebView+GAJavaScript.h in Headers */ = {isa = PBXBuildFile; fileRef = 49F1DC8D12A3F7E2004C8736 /* UIWebView+GAJavaScript.h */; settings = {ATTRIBUTES = (Public, ); }; };
		49F1DC9012A3F7E2004C8736 /* UIWebView+GAJavaScript.m in Sources */ = {isa = PBXBuildFile; fileRef = 49F1DC8E12A3F7E2004C8736 /* UIWebView+GAJavaScript.m */; };
		49F51D8412B6C64700F91142 /* ga-js-runtime.js in Resources */ = {isa = PBXBuildFile; fileRef = 49F51D8212B6BDFD00F91142 /* ga-js-runtime.js */; };
		49FDB633141BC09000A5F1B4 /* GAScriptBlockObject.m in Sources */ = {isa = PBXBuildFile; fileRef = 49FDB632141BC09000A5F1B4 /* GAScriptBlockObject.m */; };
		AA747D9F0F9514B9006C5449 /* GAJavaScript_Prefix.pch in Headers */ = {isa = PBXBuildFile; fileRef = AA747D9E0F9514B9006C5449 /* GAJavaScript_Prefix.pch */; };
		AACBBE4A0F95108600F1A2B1 /* Foundation.framework in Frameworks */ = {isa = PBXBuildFile; fileRef = AACBBE490F95108600F1A2B1 /* Foundation.framework */; };
/* End PBXBuildFile section */

/* Begin PBXContainerItemProxy section */
		493383A412B4339300FBE23C /* PBXContainerItemProxy */ = {
			isa = PBXContainerItemProxy;
			containerPortal = 0867D690FE84028FC02AAC07 /* Project object */;
			proxyType = 1;
			remoteGlobalIDString = D2AAC07D0554694100DB518D;
			remoteInfo = GAJavaScript;
		};
/* End PBXContainerItemProxy section */

/* Begin PBXCopyFilesBuildPhase section */
		2D1445B7142BD30A00465EB3 /* CopyFiles */ = {
			isa = PBXCopyFilesBuildPhase;
			buildActionMask = 8;
			dstPath = GAJavaScript;
			dstSubfolderSpec = 16;
			files = (
				2D1445B9142BD32100465EB3 /* GAScriptEngine.h in CopyFiles */,
				2D1445BA142BD32400465EB3 /* GAScriptObject.h in CopyFiles */,
				2D1445BF142BD95D00465EB3 /* GAScriptBlockObject.h in CopyFiles */,
				2D1445BB142BD32600465EB3 /* GAScriptMethodSignatures.h in CopyFiles */,
				2D1445BC142BD32A00465EB3 /* NSObject+GAJavaScript.h in CopyFiles */,
				2D1445BD142BD32D00465EB3 /* UIWebView+GAJavaScript.h in CopyFiles */,
				2D1445C0142BD98E00465EB3 /* GADebugMacros.h in CopyFiles */,
			);
			runOnlyForDeploymentPostprocessing = 1;
		};
/* End PBXCopyFilesBuildPhase section */

/* Begin PBXFileReference section */
		2D5994851382B0F0006B728D /* TScriptEngine.h */ = {isa = PBXFileReference; fileEncoding = 4; lastKnownFileType = sourcecode.c.h; name = TScriptEngine.h; path = Tests/TScriptEngine.h; sourceTree = "<group>"; };
		2D5994861382B0F0006B728D /* TScriptEngine.m */ = {isa = PBXFileReference; fileEncoding = 4; lastKnownFileType = sourcecode.c.objc; name = TScriptEngine.m; path = Tests/TScriptEngine.m; sourceTree = "<group>"; };
		2D81DF5D139D796900CA599F /* GAScriptBlockObject.h */ = {isa = PBXFileReference; fileEncoding = 4; lastKnownFileType = sourcecode.c.h; name = GAScriptBlockObject.h; path = Classes/GAScriptBlockObject.h; sourceTree = "<group>"; };
		2D8500AC1381647F00758EA2 /* GAScriptEngine.h */ = {isa = PBXFileReference; fileEncoding = 4; lastKnownFileType = sourcecode.c.h; name = GAScriptEngine.h; path = Classes/GAScriptEngine.h; sourceTree = "<group>"; };
		2D8500AD1381647F00758EA2 /* GAScriptEngine.m */ = {isa = PBXFileReference; fileEncoding = 4; lastKnownFileType = sourcecode.c.objc; name = GAScriptEngine.m; path = Classes/GAScriptEngine.m; sourceTree = "<group>"; };
		2D8500B113816B2100758EA2 /* TestWebViewContent.html */ = {isa = PBXFileReference; fileEncoding = 4; lastKnownFileType = text.html; name = TestWebViewContent.html; path = Tests/TestWebViewContent.html; sourceTree = "<group>"; };
		2D9106E31427E5F0002062A1 /* GADebugMacros.h */ = {isa = PBXFileReference; fileEncoding = 4; lastKnownFileType = sourcecode.c.h; name = GADebugMacros.h; path = Classes/GADebugMacros.h; sourceTree = "<group>"; };
		2DBE365413BDF04200E9AA11 /* QuartzCore.framework */ = {isa = PBXFileReference; lastKnownFileType = wrapper.framework; name = QuartzCore.framework; path = System/Library/Frameworks/QuartzCore.framework; sourceTree = SDKROOT; };
		2DC139A513B3AC5D0026D4D5 /* GHUnitIOS.framework */ = {isa = PBXFileReference; lastKnownFileType = wrapper.framework; name = GHUnitIOS.framework; path = ../../ThirdParty/GHUnitIOS.framework; sourceTree = "<group>"; };
		4933839E12B4338200FBE23C /* GAJavaScriptTests.app */ = {isa = PBXFileReference; explicitFileType = wrapper.application; includeInIndex = 0; path = GAJavaScriptTests.app; sourceTree = BUILT_PRODUCTS_DIR; };
		493383A012B4338200FBE23C /* GAJavaScriptTests-Info.plist */ = {isa = PBXFileReference; lastKnownFileType = text.plist.xml; path = "GAJavaScriptTests-Info.plist"; sourceTree = "<group>"; };
		493383BA12B433F000FBE23C /* main.m */ = {isa = PBXFileReference; fileEncoding = 4; lastKnownFileType = sourcecode.c.objc; name = main.m; path = Tests/main.m; sourceTree = "<group>"; };
		4933848412B4373600FBE23C /* TScriptObject.h */ = {isa = PBXFileReference; fileEncoding = 4; lastKnownFileType = sourcecode.c.h; name = TScriptObject.h; path = Tests/TScriptObject.h; sourceTree = "<group>"; };
		4933848512B4373600FBE23C /* TScriptObject.m */ = {isa = PBXFileReference; fileEncoding = 4; lastKnownFileType = sourcecode.c.objc; name = TScriptObject.m; path = Tests/TScriptObject.m; sourceTree = "<group>"; };
		4933848B12B437CD00FBE23C /* CoreGraphics.framework */ = {isa = PBXFileReference; lastKnownFileType = wrapper.framework; name = CoreGraphics.framework; path = System/Library/Frameworks/CoreGraphics.framework; sourceTree = SDKROOT; };
		493386AA12B582A300FBE23C /* NSObject+GAJavaScript.h */ = {isa = PBXFileReference; fileEncoding = 4; lastKnownFileType = sourcecode.c.h; name = "NSObject+GAJavaScript.h"; path = "Classes/NSObject+GAJavaScript.h"; sourceTree = "<group>"; };
		493386AB12B582A300FBE23C /* NSObject+GAJavaScript.m */ = {isa = PBXFileReference; fileEncoding = 4; lastKnownFileType = sourcecode.c.objc; name = "NSObject+GAJavaScript.m"; path = "Classes/NSObject+GAJavaScript.m"; sourceTree = "<group>"; };
		4933870E12B58C5700FBE23C /* TWebView.h */ = {isa = PBXFileReference; fileEncoding = 4; lastKnownFileType = sourcecode.c.h; name = TWebView.h; path = Tests/TWebView.h; sourceTree = "<group>"; };
		4933870F12B58C5700FBE23C /* TWebView.m */ = {isa = PBXFileReference; fileEncoding = 4; lastKnownFileType = sourcecode.c.objc; name = TWebView.m; path = Tests/TWebView.m; sourceTree = "<group>"; };
		4983385D13782DFC0006B26A /* ApplicationDelegate.h */ = {isa = PBXFileReference; fileEncoding = 4; lastKnownFileType = sourcecode.c.h; name = ApplicationDelegate.h; path = Tests/ApplicationDelegate.h; sourceTree = "<group>"; };
		4983385E13782DFC0006B26A /* ApplicationDelegate.m */ = {isa = PBXFileReference; fileEncoding = 4; lastKnownFileType = sourcecode.c.objc; name = ApplicationDelegate.m; path = Tests/ApplicationDelegate.m; sourceTree = "<group>"; };
		498A2C4E13928F6600B95CC9 /* GAScriptMethodSignatures.h */ = {isa = PBXFileReference; fileEncoding = 4; lastKnownFileType = sourcecode.c.h; name = GAScriptMethodSignatures.h; path = Classes/GAScriptMethodSignatures.h; sourceTree = "<group>"; };
		498A2C4F13928F6600B95CC9 /* GAScriptMethodSignatures.m */ = {isa = PBXFileReference; fileEncoding = 4; lastKnownFileType = sourcecode.c.objc; name = GAScriptMethodSignatures.m; path = Classes/GAScriptMethodSignatures.m; sourceTree = "<group>"; };
		49CB0D8F1417E6DC00C2C4F6 /* TObjectCategories.h */ = {isa = PBXFileReference; fileEncoding = 4; lastKnownFileType = sourcecode.c.h; name = TObjectCategories.h; path = Tests/TObjectCategories.h; sourceTree = "<group>"; };
		49CB0D901417E6DC00C2C4F6 /* TObjectCategories.m */ = {isa = PBXFileReference; fileEncoding = 4; lastKnownFileType = sourcecode.c.objc; name = TObjectCategories.m; path = Tests/TObjectCategories.m; sourceTree = "<group>"; };
		49F1DBDA12A3F64A004C8736 /* GAScriptObject.h */ = {isa = PBXFileReference; fileEncoding = 4; lastKnownFileType = sourcecode.c.h; name = GAScriptObject.h; path = Classes/GAScriptObject.h; sourceTree = "<group>"; };
		49F1DBDB12A3F64A004C8736 /* GAScriptObject.m */ = {isa = PBXFileReference; fileEncoding = 4; lastKnownFileType = sourcecode.c.objc; name = GAScriptObject.m; path = Classes/GAScriptObject.m; sourceTree = "<group>"; };
		49F1DBE412A3F67A004C8736 /* UIKit.framework */ = {isa = PBXFileReference; lastKnownFileType = wrapper.framework; name = UIKit.framework; path = System/Library/Frameworks/UIKit.framework; sourceTree = SDKROOT; };
		49F1DC8D12A3F7E2004C8736 /* UIWebView+GAJavaScript.h */ = {isa = PBXFileReference; fileEncoding = 4; lastKnownFileType = sourcecode.c.h; name = "UIWebView+GAJavaScript.h"; path = "Classes/UIWebView+GAJavaScript.h"; sourceTree = "<group>"; };
		49F1DC8E12A3F7E2004C8736 /* UIWebView+GAJavaScript.m */ = {isa = PBXFileReference; fileEncoding = 4; lastKnownFileType = sourcecode.c.objc; name = "UIWebView+GAJavaScript.m"; path = "Classes/UIWebView+GAJavaScript.m"; sourceTree = "<group>"; };
		49F51D8212B6BDFD00F91142 /* ga-js-runtime.js */ = {isa = PBXFileReference; fileEncoding = 4; lastKnownFileType = sourcecode.javascript; path = "ga-js-runtime.js"; sourceTree = "<group>"; };
		49FDB632141BC09000A5F1B4 /* GAScriptBlockObject.m */ = {isa = PBXFileReference; fileEncoding = 4; lastKnownFileType = sourcecode.c.objc; name = GAScriptBlockObject.m; path = Classes/GAScriptBlockObject.m; sourceTree = "<group>"; };
		AA747D9E0F9514B9006C5449 /* GAJavaScript_Prefix.pch */ = {isa = PBXFileReference; fileEncoding = 4; lastKnownFileType = sourcecode.c.h; path = GAJavaScript_Prefix.pch; sourceTree = SOURCE_ROOT; };
		AACBBE490F95108600F1A2B1 /* Foundation.framework */ = {isa = PBXFileReference; lastKnownFileType = wrapper.framework; name = Foundation.framework; path = System/Library/Frameworks/Foundation.framework; sourceTree = SDKROOT; };
		D2AAC07E0554694100DB518D /* libGAJavaScript.a */ = {isa = PBXFileReference; explicitFileType = archive.ar; includeInIndex = 0; path = libGAJavaScript.a; sourceTree = BUILT_PRODUCTS_DIR; };
/* End PBXFileReference section */

/* Begin PBXFrameworksBuildPhase section */
		4933839C12B4338200FBE23C /* Frameworks */ = {
			isa = PBXFrameworksBuildPhase;
			buildActionMask = 2147483647;
			files = (
				493385BA12B5559B00FBE23C /* libGAJavaScript.a in Frameworks */,
				4933848C12B437CD00FBE23C /* CoreGraphics.framework in Frameworks */,
				2DC139A613B3AC5E0026D4D5 /* GHUnitIOS.framework in Frameworks */,
				2DBE365B13BDFC1A00E9AA11 /* QuartzCore.framework in Frameworks */,
			);
			runOnlyForDeploymentPostprocessing = 0;
		};
		D2AAC07C0554694100DB518D /* Frameworks */ = {
			isa = PBXFrameworksBuildPhase;
			buildActionMask = 2147483647;
			files = (
				AACBBE4A0F95108600F1A2B1 /* Foundation.framework in Frameworks */,
				2DBE365513BDF04200E9AA11 /* QuartzCore.framework in Frameworks */,
				49F1DBE512A3F67A004C8736 /* UIKit.framework in Frameworks */,
			);
			runOnlyForDeploymentPostprocessing = 0;
		};
/* End PBXFrameworksBuildPhase section */

/* Begin PBXGroup section */
		034768DFFF38A50411DB9C8B /* Products */ = {
			isa = PBXGroup;
			children = (
				D2AAC07E0554694100DB518D /* libGAJavaScript.a */,
				4933839E12B4338200FBE23C /* GAJavaScriptTests.app */,
			);
			name = Products;
			sourceTree = "<group>";
		};
		0867D691FE84028FC02AAC07 /* GAJavaScript */ = {
			isa = PBXGroup;
			children = (
				08FB77AEFE84172EC02AAC07 /* Classes */,
				32C88DFF0371C24200C91783 /* Other Sources */,
				493383BC12B4362F00FBE23C /* Tests */,
				0867D69AFE84028FC02AAC07 /* Frameworks */,
				034768DFFF38A50411DB9C8B /* Products */,
			);
			name = GAJavaScript;
			sourceTree = "<group>";
		};
		0867D69AFE84028FC02AAC07 /* Frameworks */ = {
			isa = PBXGroup;
			children = (
				2DBE365413BDF04200E9AA11 /* QuartzCore.framework */,
				49F1DBE412A3F67A004C8736 /* UIKit.framework */,
				AACBBE490F95108600F1A2B1 /* Foundation.framework */,
				4933848B12B437CD00FBE23C /* CoreGraphics.framework */,
				2DC139A513B3AC5D0026D4D5 /* GHUnitIOS.framework */,
			);
			name = Frameworks;
			sourceTree = "<group>";
		};
		08FB77AEFE84172EC02AAC07 /* Classes */ = {
			isa = PBXGroup;
			children = (
				2D9106E31427E5F0002062A1 /* GADebugMacros.h */,
				2D8500AC1381647F00758EA2 /* GAScriptEngine.h */,
				2D8500AD1381647F00758EA2 /* GAScriptEngine.m */,
				49F1DBDA12A3F64A004C8736 /* GAScriptObject.h */,
				49F1DBDB12A3F64A004C8736 /* GAScriptObject.m */,
				498A2C4E13928F6600B95CC9 /* GAScriptMethodSignatures.h */,
				498A2C4F13928F6600B95CC9 /* GAScriptMethodSignatures.m */,
				2D81DF5D139D796900CA599F /* GAScriptBlockObject.h */,
				49FDB632141BC09000A5F1B4 /* GAScriptBlockObject.m */,
				493386AA12B582A300FBE23C /* NSObject+GAJavaScript.h */,
				493386AB12B582A300FBE23C /* NSObject+GAJavaScript.m */,
				49F1DC8D12A3F7E2004C8736 /* UIWebView+GAJavaScript.h */,
				49F1DC8E12A3F7E2004C8736 /* UIWebView+GAJavaScript.m */,
			);
			name = Classes;
			sourceTree = "<group>";
		};
		32C88DFF0371C24200C91783 /* Other Sources */ = {
			isa = PBXGroup;
			children = (
				493383BA12B433F000FBE23C /* main.m */,
				AA747D9E0F9514B9006C5449 /* GAJavaScript_Prefix.pch */,
				49F51D8212B6BDFD00F91142 /* ga-js-runtime.js */,
			);
			name = "Other Sources";
			sourceTree = "<group>";
		};
		493383BC12B4362F00FBE23C /* Tests */ = {
			isa = PBXGroup;
			children = (
				4983385D13782DFC0006B26A /* ApplicationDelegate.h */,
				4983385E13782DFC0006B26A /* ApplicationDelegate.m */,
				49CB0D8F1417E6DC00C2C4F6 /* TObjectCategories.h */,
				49CB0D901417E6DC00C2C4F6 /* TObjectCategories.m */,
				2D5994851382B0F0006B728D /* TScriptEngine.h */,
				2D5994861382B0F0006B728D /* TScriptEngine.m */,
				4933848412B4373600FBE23C /* TScriptObject.h */,
				4933848512B4373600FBE23C /* TScriptObject.m */,
				4933870E12B58C5700FBE23C /* TWebView.h */,
				4933870F12B58C5700FBE23C /* TWebView.m */,
				493383A012B4338200FBE23C /* GAJavaScriptTests-Info.plist */,
				2D8500B113816B2100758EA2 /* TestWebViewContent.html */,
			);
			name = Tests;
			sourceTree = "<group>";
		};
/* End PBXGroup section */

/* Begin PBXHeadersBuildPhase section */
		D2AAC07A0554694100DB518D /* Headers */ = {
			isa = PBXHeadersBuildPhase;
			buildActionMask = 2147483647;
			files = (
				2D8500AE1381647F00758EA2 /* GAScriptEngine.h in Headers */,
				AA747D9F0F9514B9006C5449 /* GAJavaScript_Prefix.pch in Headers */,
				49F1DBDE12A3F64A004C8736 /* GAScriptObject.h in Headers */,
				2D81DF5F139D796900CA599F /* GAScriptBlockObject.h in Headers */,
				498A2C5013928F6600B95CC9 /* GAScriptMethodSignatures.h in Headers */,
				493386AC12B582A300FBE23C /* NSObject+GAJavaScript.h in Headers */,
				49F1DC8F12A3F7E2004C8736 /* UIWebView+GAJavaScript.h in Headers */,
				2D9106E41427E5F0002062A1 /* GADebugMacros.h in Headers */,
			);
			runOnlyForDeploymentPostprocessing = 0;
		};
/* End PBXHeadersBuildPhase section */

/* Begin PBXNativeTarget section */
		4933839D12B4338200FBE23C /* GAJavaScriptTests */ = {
			isa = PBXNativeTarget;
			buildConfigurationList = 493383A312B4338300FBE23C /* Build configuration list for PBXNativeTarget "GAJavaScriptTests" */;
			buildPhases = (
				4933839A12B4338200FBE23C /* Resources */,
				4933839B12B4338200FBE23C /* Sources */,
				4933839C12B4338200FBE23C /* Frameworks */,
			);
			buildRules = (
			);
			dependencies = (
				493383A512B4339300FBE23C /* PBXTargetDependency */,
			);
			name = GAJavaScriptTests;
			productName = GAJavaScriptTests;
			productReference = 4933839E12B4338200FBE23C /* GAJavaScriptTests.app */;
			productType = "com.apple.product-type.application";
		};
		D2AAC07D0554694100DB518D /* GAJavaScript */ = {
			isa = PBXNativeTarget;
			buildConfigurationList = 1DEB921E08733DC00010E9CD /* Build configuration list for PBXNativeTarget "GAJavaScript" */;
			buildPhases = (
				D2AAC07A0554694100DB518D /* Headers */,
				D2AAC07B0554694100DB518D /* Sources */,
				D2AAC07C0554694100DB518D /* Frameworks */,
				2D1445B7142BD30A00465EB3 /* CopyFiles */,
			);
			buildRules = (
			);
			dependencies = (
			);
			name = GAJavaScript;
			productName = GAJavaScript;
			productReference = D2AAC07E0554694100DB518D /* libGAJavaScript.a */;
			productType = "com.apple.product-type.library.static";
		};
/* End PBXNativeTarget section */

/* Begin PBXProject section */
		0867D690FE84028FC02AAC07 /* Project object */ = {
			isa = PBXProject;
			attributes = {
				LastUpgradeCheck = 0430;
			};
			buildConfigurationList = 1DEB922208733DC00010E9CD /* Build configuration list for PBXProject "GAJavaScript" */;
			compatibilityVersion = "Xcode 3.2";
			developmentRegion = English;
			hasScannedForEncodings = 1;
			knownRegions = (
				English,
				Japanese,
				French,
				German,
			);
			mainGroup = 0867D691FE84028FC02AAC07 /* GAJavaScript */;
			productRefGroup = 034768DFFF38A50411DB9C8B /* Products */;
			projectDirPath = "";
			projectRoot = "";
			targets = (
				D2AAC07D0554694100DB518D /* GAJavaScript */,
				4933839D12B4338200FBE23C /* GAJavaScriptTests */,
			);
		};
/* End PBXProject section */

/* Begin PBXResourcesBuildPhase section */
		4933839A12B4338200FBE23C /* Resources */ = {
			isa = PBXResourcesBuildPhase;
			buildActionMask = 2147483647;
			files = (
				49F51D8412B6C64700F91142 /* ga-js-runtime.js in Resources */,
				2D8500B213816B2100758EA2 /* TestWebViewContent.html in Resources */,
			);
			runOnlyForDeploymentPostprocessing = 0;
		};
/* End PBXResourcesBuildPhase section */

/* Begin PBXSourcesBuildPhase section */
		4933839B12B4338200FBE23C /* Sources */ = {
			isa = PBXSourcesBuildPhase;
			buildActionMask = 2147483647;
			files = (
				493383BB12B433F000FBE23C /* main.m in Sources */,
				4933848612B4373600FBE23C /* TScriptObject.m in Sources */,
				4933871412B58C9E00FBE23C /* TWebView.m in Sources */,
				4983385F13782DFC0006B26A /* ApplicationDelegate.m in Sources */,
				2D5994871382B0F0006B728D /* TScriptEngine.m in Sources */,
				49CB0D911417E6DC00C2C4F6 /* TObjectCategories.m in Sources */,
			);
			runOnlyForDeploymentPostprocessing = 0;
		};
		D2AAC07B0554694100DB518D /* Sources */ = {
			isa = PBXSourcesBuildPhase;
			buildActionMask = 2147483647;
			files = (
				49F1DBDF12A3F64A004C8736 /* GAScriptObject.m in Sources */,
				49F1DC9012A3F7E2004C8736 /* UIWebView+GAJavaScript.m in Sources */,
				493386AD12B582A300FBE23C /* NSObject+GAJavaScript.m in Sources */,
				2D8500AF1381647F00758EA2 /* GAScriptEngine.m in Sources */,
				498A2C5113928F6600B95CC9 /* GAScriptMethodSignatures.m in Sources */,
				49FDB633141BC09000A5F1B4 /* GAScriptBlockObject.m in Sources */,
			);
			runOnlyForDeploymentPostprocessing = 0;
		};
/* End PBXSourcesBuildPhase section */

/* Begin PBXTargetDependency section */
		493383A512B4339300FBE23C /* PBXTargetDependency */ = {
			isa = PBXTargetDependency;
			target = D2AAC07D0554694100DB518D /* GAJavaScript */;
			targetProxy = 493383A412B4339300FBE23C /* PBXContainerItemProxy */;
		};
/* End PBXTargetDependency section */

/* Begin XCBuildConfiguration section */
		1DEB921F08733DC00010E9CD /* Debug */ = {
			isa = XCBuildConfiguration;
			buildSettings = {
				ARCHS = "$(ARCHS_STANDARD_32_BIT)";
				COPY_PHASE_STRIP = NO;
				DSTROOT = /tmp/GAJavaScript.dst;
				GCC_DYNAMIC_NO_PIC = NO;
				GCC_MODEL_TUNING = G5;
				GCC_OPTIMIZATION_LEVEL = 0;
				GCC_PRECOMPILE_PREFIX_HEADER = YES;
				GCC_PREFIX_HEADER = GAJavaScript_Prefix.pch;
				GCC_PREPROCESSOR_DEFINITIONS = DEBUG;
				GCC_VERSION = com.apple.compilers.llvm.clang.1_0;
				INSTALL_PATH = "$(BUILT_PRODUCTS_DIR)";
				PRODUCT_NAME = GAJavaScript;
				PUBLIC_HEADERS_FOLDER_PATH = GAJavaScript;
				SKIP_INSTALL = YES;
			};
			name = Debug;
		};
		1DEB922008733DC00010E9CD /* Release */ = {
			isa = XCBuildConfiguration;
			buildSettings = {
				ARCHS = "$(ARCHS_STANDARD_32_BIT)";
				DSTROOT = /tmp/GAJavaScript.dst;
				GCC_MODEL_TUNING = G5;
				GCC_PRECOMPILE_PREFIX_HEADER = YES;
				GCC_PREFIX_HEADER = GAJavaScript_Prefix.pch;
				GCC_VERSION = com.apple.compilers.llvm.clang.1_0;
				INSTALL_PATH = "$(BUILT_PRODUCTS_DIR)";
				PRODUCT_NAME = GAJavaScript;
				PUBLIC_HEADERS_FOLDER_PATH = GAJavaScript;
				SKIP_INSTALL = YES;
			};
			name = Release;
		};
		1DEB922308733DC00010E9CD /* Debug */ = {
			isa = XCBuildConfiguration;
			buildSettings = {
				ARCHS = "$(ARCHS_STANDARD_32_BIT)";
				GCC_C_LANGUAGE_STANDARD = c99;
				GCC_OPTIMIZATION_LEVEL = 0;
				GCC_WARN_ABOUT_RETURN_TYPE = YES;
				GCC_WARN_UNUSED_VARIABLE = YES;
				IPHONEOS_DEPLOYMENT_TARGET = 4.0;
				OTHER_LDFLAGS = "-ObjC";
				SDKROOT = iphoneos;
			};
			name = Debug;
		};
		1DEB922408733DC00010E9CD /* Release */ = {
			isa = XCBuildConfiguration;
			buildSettings = {
				ARCHS = "$(ARCHS_STANDARD_32_BIT)";
				GCC_C_LANGUAGE_STANDARD = c99;
				GCC_WARN_ABOUT_RETURN_TYPE = YES;
				GCC_WARN_UNUSED_VARIABLE = YES;
				IPHONEOS_DEPLOYMENT_TARGET = 4.0;
				OTHER_LDFLAGS = "-ObjC";
				SDKROOT = iphoneos;
			};
			name = Release;
		};
		493383A112B4338300FBE23C /* Debug */ = {
			isa = XCBuildConfiguration;
			buildSettings = {
				CODE_SIGN_IDENTITY = "iPhone Developer";
				COPY_PHASE_STRIP = NO;
				FRAMEWORK_SEARCH_PATHS = (
					"$(inherited)",
					"\"$(SRCROOT)/ThirdParty\"",
				);
				GCC_DYNAMIC_NO_PIC = NO;
				GCC_OPTIMIZATION_LEVEL = 0;
				GCC_PRECOMPILE_PREFIX_HEADER = YES;
				GCC_PREFIX_HEADER = "$(SYSTEM_LIBRARY_DIR)/Frameworks/UIKit.framework/Headers/UIKit.h";
				GCC_VERSION = com.apple.compilers.llvm.clang.1_0;
				INFOPLIST_FILE = "GAJavaScriptTests-Info.plist";
				INSTALL_PATH = "$(HOME)/Applications";
				OTHER_LDFLAGS = (
					"-all_load",
					"-ObjC",
					"-framework",
					Foundation,
					"-framework",
					UIKit,
				);
				PRODUCT_NAME = GAJavaScriptTests;
			};
			name = Debug;
		};
		493383A212B4338300FBE23C /* Release */ = {
			isa = XCBuildConfiguration;
			buildSettings = {
				CODE_SIGN_IDENTITY = "iPhone Developer";
				COPY_PHASE_STRIP = YES;
				DEBUG_INFORMATION_FORMAT = "dwarf-with-dsym";
				FRAMEWORK_SEARCH_PATHS = (
					"$(inherited)",
					"\"$(SRCROOT)/ThirdParty\"",
				);
				GCC_PRECOMPILE_PREFIX_HEADER = YES;
				GCC_PREFIX_HEADER = "$(SYSTEM_LIBRARY_DIR)/Frameworks/UIKit.framework/Headers/UIKit.h";
				GCC_VERSION = com.apple.compilers.llvm.clang.1_0;
				INFOPLIST_FILE = "GAJavaScriptTests-Info.plist";
				INSTALL_PATH = "$(HOME)/Applications";
				OTHER_LDFLAGS = (
					"-all_load",
					"-ObjC",
					"-framework",
					Foundation,
					"-framework",
					UIKit,
				);
				PRODUCT_NAME = GAJavaScriptTests;
				ZERO_LINK = NO;
			};
			name = Release;
		};
/* End XCBuildConfiguration section */

/* Begin XCConfigurationList section */
		1DEB921E08733DC00010E9CD /* Build configuration list for PBXNativeTarget "GAJavaScript" */ = {
			isa = XCConfigurationList;
			buildConfigurations = (
				1DEB921F08733DC00010E9CD /* Debug */,
				1DEB922008733DC00010E9CD /* Release */,
			);
			defaultConfigurationIsVisible = 0;
			defaultConfigurationName = Release;
		};
		1DEB922208733DC00010E9CD /* Build configuration list for PBXProject "GAJavaScript" */ = {
			isa = XCConfigurationList;
			buildConfigurations = (
				1DEB922308733DC00010E9CD /* Debug */,
				1DEB922408733DC00010E9CD /* Release */,
			);
			defaultConfigurationIsVisible = 0;
			defaultConfigurationName = Release;
		};
		493383A312B4338300FBE23C /* Build configuration list for PBXNativeTarget "GAJavaScriptTests" */ = {
			isa = XCConfigurationList;
			buildConfigurations = (
				493383A112B4338300FBE23C /* Debug */,
				493383A212B4338300FBE23C /* Release */,
			);
			defaultConfigurationIsVisible = 0;
			defaultConfigurationName = Release;
		};
/* End XCConfigurationList section */
	};
	rootObject = 0867D690FE84028FC02AAC07 /* Project object */;
}
