// !$*UTF8*$!
{
	archiveVersion = 1;
	classes = {
	};
	objectVersion = 46;
	objects = {

/* Begin PBXBuildFile section */
		2D766073141FF00D00FA33D5 /* libGAJavaScript.a in Frameworks */ = {isa = PBXBuildFile; fileRef = 2D766072141FF00D00FA33D5 /* libGAJavaScript.a */; };
		2D7660AF141FF12C00FA33D5 /* AlertsViewController.m in Sources */ = {isa = PBXBuildFile; fileRef = 2D766075141FF12C00FA33D5 /* AlertsViewController.m */; };
		2D7660B0141FF12C00FA33D5 /* ButtonsViewController.m in Sources */ = {isa = PBXBuildFile; fileRef = 2D766077141FF12C00FA33D5 /* ButtonsViewController.m */; };
		2D7660B1141FF12C00FA33D5 /* ControlsViewController.m in Sources */ = {isa = PBXBuildFile; fileRef = 2D76607A141FF12C00FA33D5 /* ControlsViewController.m */; };
		2D7660B2141FF12C00FA33D5 /* 12-6AM.png in Resources */ = {isa = PBXBuildFile; fileRef = 2D76607C141FF12C00FA33D5 /* 12-6AM.png */; };
		2D7660B3141FF12C00FA33D5 /* 12-6PM.png in Resources */ = {isa = PBXBuildFile; fileRef = 2D76607D141FF12C00FA33D5 /* 12-6PM.png */; };
		2D7660B4141FF12C00FA33D5 /* 6-12AM.png in Resources */ = {isa = PBXBuildFile; fileRef = 2D76607E141FF12C00FA33D5 /* 6-12AM.png */; };
		2D7660B5141FF12C00FA33D5 /* 6-12PM.png in Resources */ = {isa = PBXBuildFile; fileRef = 2D76607F141FF12C00FA33D5 /* 6-12PM.png */; };
		2D7660B6141FF12C00FA33D5 /* blueButton.png in Resources */ = {isa = PBXBuildFile; fileRef = 2D766080141FF12C00FA33D5 /* blueButton.png */; };
		2D7660B7141FF12C00FA33D5 /* Default.png in Resources */ = {isa = PBXBuildFile; fileRef = 2D766081141FF12C00FA33D5 /* Default.png */; };
		2D7660B8141FF12C00FA33D5 /* Icon-72.png in Resources */ = {isa = PBXBuildFile; fileRef = 2D766082141FF12C00FA33D5 /* Icon-72.png */; };
		2D7660B9141FF12C00FA33D5 /* Icon-Small-50.png in Resources */ = {isa = PBXBuildFile; fileRef = 2D766083141FF12C00FA33D5 /* Icon-Small-50.png */; };
		2D7660BA141FF12C00FA33D5 /* Icon-Small.png in Resources */ = {isa = PBXBuildFile; fileRef = 2D766084141FF12C00FA33D5 /* Icon-Small.png */; };
		2D7660BB141FF12C00FA33D5 /* Icon-Small@2x.png in Resources */ = {isa = PBXBuildFile; fileRef = 2D766085141FF12C00FA33D5 /* Icon-Small@2x.png */; };
		2D7660BC141FF12C00FA33D5 /* Icon.png in Resources */ = {isa = PBXBuildFile; fileRef = 2D766086141FF12C00FA33D5 /* Icon.png */; };
		2D7660BD141FF12C00FA33D5 /* Icon@2x.png in Resources */ = {isa = PBXBuildFile; fileRef = 2D766087141FF12C00FA33D5 /* Icon@2x.png */; };
		2D7660BE141FF12C00FA33D5 /* iTunesArtwork in Resources */ = {isa = PBXBuildFile; fileRef = 2D766088141FF12C00FA33D5 /* iTunesArtwork */; };
		2D7660BF141FF12C00FA33D5 /* orangeslide.png in Resources */ = {isa = PBXBuildFile; fileRef = 2D766089141FF12C00FA33D5 /* orangeslide.png */; };
		2D7660C0141FF12C00FA33D5 /* scene1.jpg in Resources */ = {isa = PBXBuildFile; fileRef = 2D76608A141FF12C00FA33D5 /* scene1.jpg */; };
		2D7660C1141FF12C00FA33D5 /* scene2.jpg in Resources */ = {isa = PBXBuildFile; fileRef = 2D76608B141FF12C00FA33D5 /* scene2.jpg */; };
		2D7660C2141FF12C00FA33D5 /* scene3.jpg in Resources */ = {isa = PBXBuildFile; fileRef = 2D76608C141FF12C00FA33D5 /* scene3.jpg */; };
		2D7660C3141FF12C00FA33D5 /* scene4.jpg in Resources */ = {isa = PBXBuildFile; fileRef = 2D76608D141FF12C00FA33D5 /* scene4.jpg */; };
		2D7660C4141FF12C00FA33D5 /* scene5.jpg in Resources */ = {isa = PBXBuildFile; fileRef = 2D76608E141FF12C00FA33D5 /* scene5.jpg */; };
		2D7660C5141FF12C00FA33D5 /* segment_check.png in Resources */ = {isa = PBXBuildFile; fileRef = 2D76608F141FF12C00FA33D5 /* segment_check.png */; };
		2D7660C6141FF12C00FA33D5 /* segment_search.png in Resources */ = {isa = PBXBuildFile; fileRef = 2D766090141FF12C00FA33D5 /* segment_search.png */; };
		2D7660C7141FF12C00FA33D5 /* segment_tools.png in Resources */ = {isa = PBXBuildFile; fileRef = 2D766091141FF12C00FA33D5 /* segment_tools.png */; };
		2D7660C8141FF12C00FA33D5 /* slider_ball.png in Resources */ = {isa = PBXBuildFile; fileRef = 2D766092141FF12C00FA33D5 /* slider_ball.png */; };
		2D7660C9141FF12C00FA33D5 /* UIButton_custom.png in Resources */ = {isa = PBXBuildFile; fileRef = 2D766093141FF12C00FA33D5 /* UIButton_custom.png */; };
		2D7660CA141FF12C00FA33D5 /* whiteButton.png in Resources */ = {isa = PBXBuildFile; fileRef = 2D766094141FF12C00FA33D5 /* whiteButton.png */; };
		2D7660CB141FF12C00FA33D5 /* yellowslide.png in Resources */ = {isa = PBXBuildFile; fileRef = 2D766095141FF12C00FA33D5 /* yellowslide.png */; };
		2D7660CC141FF12C00FA33D5 /* ImagesViewController.m in Sources */ = {isa = PBXBuildFile; fileRef = 2D766097141FF12C00FA33D5 /* ImagesViewController.m */; };
		2D7660CD141FF12C00FA33D5 /* MainViewController.m in Sources */ = {isa = PBXBuildFile; fileRef = 2D766099141FF12C00FA33D5 /* MainViewController.m */; };
		2D7660CE141FF12C00FA33D5 /* CustomPickerDataSource.m in Sources */ = {isa = PBXBuildFile; fileRef = 2D76609C141FF12C00FA33D5 /* CustomPickerDataSource.m */; };
		2D7660CF141FF12C00FA33D5 /* CustomView.m in Sources */ = {isa = PBXBuildFile; fileRef = 2D76609E141FF12C00FA33D5 /* CustomView.m */; };
		2D7660D0141FF12C00FA33D5 /* PickerViewController.m in Sources */ = {isa = PBXBuildFile; fileRef = 2D7660A0141FF12C00FA33D5 /* PickerViewController.m */; };
		2D7660D1141FF12C00FA33D5 /* SearchBarController.m in Sources */ = {isa = PBXBuildFile; fileRef = 2D7660A2141FF12C00FA33D5 /* SearchBarController.m */; };
		2D7660D2141FF12C00FA33D5 /* SegmentViewController.m in Sources */ = {isa = PBXBuildFile; fileRef = 2D7660A4141FF12C00FA33D5 /* SegmentViewController.m */; };
		2D7660D3141FF12C00FA33D5 /* TextFieldController.m in Sources */ = {isa = PBXBuildFile; fileRef = 2D7660A6141FF12C00FA33D5 /* TextFieldController.m */; };
		2D7660D4141FF12C00FA33D5 /* TextViewController.m in Sources */ = {isa = PBXBuildFile; fileRef = 2D7660A8141FF12C00FA33D5 /* TextViewController.m */; };
		2D7660D5141FF12C00FA33D5 /* ToolbarViewController.m in Sources */ = {isa = PBXBuildFile; fileRef = 2D7660AA141FF12C00FA33D5 /* ToolbarViewController.m */; };
		2D7660D6141FF12C00FA33D5 /* TransitionViewController.m in Sources */ = {isa = PBXBuildFile; fileRef = 2D7660AC141FF12C00FA33D5 /* TransitionViewController.m */; };
		2D7660D7141FF12C00FA33D5 /* WebViewController.m in Sources */ = {isa = PBXBuildFile; fileRef = 2D7660AE141FF12C00FA33D5 /* WebViewController.m */; };
		2D7660F1141FF1A200FA33D5 /* AlertsViewController.xib in Resources */ = {isa = PBXBuildFile; fileRef = 2D7660D9141FF1A200FA33D5 /* AlertsViewController.xib */; };
		2D7660F2141FF1A200FA33D5 /* ButtonsViewController.xib in Resources */ = {isa = PBXBuildFile; fileRef = 2D7660DB141FF1A200FA33D5 /* ButtonsViewController.xib */; };
		2D7660F3141FF1A200FA33D5 /* ControlsViewController.xib in Resources */ = {isa = PBXBuildFile; fileRef = 2D7660DD141FF1A200FA33D5 /* ControlsViewController.xib */; };
		2D7660F4141FF1A200FA33D5 /* ImagesViewController.xib in Resources */ = {isa = PBXBuildFile; fileRef = 2D7660DF141FF1A200FA33D5 /* ImagesViewController.xib */; };
		2D7660F5141FF1A200FA33D5 /* PickerViewController.xib in Resources */ = {isa = PBXBuildFile; fileRef = 2D7660E1141FF1A200FA33D5 /* PickerViewController.xib */; };
		2D7660F6141FF1A200FA33D5 /* SearchBarController.xib in Resources */ = {isa = PBXBuildFile; fileRef = 2D7660E3141FF1A200FA33D5 /* SearchBarController.xib */; };
		2D7660F7141FF1A200FA33D5 /* SegmentViewController.xib in Resources */ = {isa = PBXBuildFile; fileRef = 2D7660E5141FF1A200FA33D5 /* SegmentViewController.xib */; };
		2D7660F8141FF1A200FA33D5 /* TextFieldController.xib in Resources */ = {isa = PBXBuildFile; fileRef = 2D7660E7141FF1A200FA33D5 /* TextFieldController.xib */; };
		2D7660F9141FF1A200FA33D5 /* TextViewController.xib in Resources */ = {isa = PBXBuildFile; fileRef = 2D7660E9141FF1A200FA33D5 /* TextViewController.xib */; };
		2D7660FA141FF1A200FA33D5 /* ToolbarViewController.xib in Resources */ = {isa = PBXBuildFile; fileRef = 2D7660EB141FF1A200FA33D5 /* ToolbarViewController.xib */; };
		2D7660FB141FF1A200FA33D5 /* TransitionViewController.xib in Resources */ = {isa = PBXBuildFile; fileRef = 2D7660ED141FF1A200FA33D5 /* TransitionViewController.xib */; };
		2D7660FC141FF1A200FA33D5 /* WebViewController.xib in Resources */ = {isa = PBXBuildFile; fileRef = 2D7660EF141FF1A200FA33D5 /* WebViewController.xib */; };
		2D7660FF141FF1AB00FA33D5 /* Localizable.strings in Resources */ = {isa = PBXBuildFile; fileRef = 2D7660FD141FF1AB00FA33D5 /* Localizable.strings */; };
		2D76610A141FF25300FA33D5 /* MainWindow.xib in Resources */ = {isa = PBXBuildFile; fileRef = 2D766108141FF25300FA33D5 /* MainWindow.xib */; };
		2DBE365713BDF13400E9AA11 /* QuartzCore.framework in Frameworks */ = {isa = PBXBuildFile; fileRef = 2DBE365613BDF13400E9AA11 /* QuartzCore.framework */; };
		2DC139B713B3ACE90026D4D5 /* UIKit.framework in Frameworks */ = {isa = PBXBuildFile; fileRef = 2DC139B613B3ACE90026D4D5 /* UIKit.framework */; };
		2DC139B913B3ACE90026D4D5 /* Foundation.framework in Frameworks */ = {isa = PBXBuildFile; fileRef = 2DC139B813B3ACE90026D4D5 /* Foundation.framework */; };
		2DC139BB13B3ACE90026D4D5 /* CoreGraphics.framework in Frameworks */ = {isa = PBXBuildFile; fileRef = 2DC139BA13B3ACE90026D4D5 /* CoreGraphics.framework */; };
		2DC139C413B3ACE90026D4D5 /* main.m in Sources */ = {isa = PBXBuildFile; fileRef = 2DC139C313B3ACE90026D4D5 /* main.m */; };
		2DC139C713B3ACE90026D4D5 /* ThemeAppDelegate.m in Sources */ = {isa = PBXBuildFile; fileRef = 2DC139C613B3ACE90026D4D5 /* ThemeAppDelegate.m */; };
		2DC139E913B3B8EF0026D4D5 /* ga-js-runtime.js in Resources */ = {isa = PBXBuildFile; fileRef = 2DC139E813B3B8EF0026D4D5 /* ga-js-runtime.js */; };
		2DC139EB13B3CB0C0026D4D5 /* styles.html in Resources */ = {isa = PBXBuildFile; fileRef = 2DC139EA13B3CB0C0026D4D5 /* styles.html */; };
/* End PBXBuildFile section */

/* Begin PBXFileReference section */
		2D766072141FF00D00FA33D5 /* libGAJavaScript.a */ = {isa = PBXFileReference; explicitFileType = archive.ar; path = libGAJavaScript.a; sourceTree = BUILT_PRODUCTS_DIR; };
		2D766074141FF12C00FA33D5 /* AlertsViewController.h */ = {isa = PBXFileReference; fileEncoding = 4; lastKnownFileType = sourcecode.c.h; path = AlertsViewController.h; sourceTree = "<group>"; };
		2D766075141FF12C00FA33D5 /* AlertsViewController.m */ = {isa = PBXFileReference; fileEncoding = 4; lastKnownFileType = sourcecode.c.objc; path = AlertsViewController.m; sourceTree = "<group>"; };
		2D766076141FF12C00FA33D5 /* ButtonsViewController.h */ = {isa = PBXFileReference; fileEncoding = 4; lastKnownFileType = sourcecode.c.h; path = ButtonsViewController.h; sourceTree = "<group>"; };
		2D766077141FF12C00FA33D5 /* ButtonsViewController.m */ = {isa = PBXFileReference; fileEncoding = 4; lastKnownFileType = sourcecode.c.objc; path = ButtonsViewController.m; sourceTree = "<group>"; };
		2D766078141FF12C00FA33D5 /* Constants.h */ = {isa = PBXFileReference; fileEncoding = 4; lastKnownFileType = sourcecode.c.h; path = Constants.h; sourceTree = "<group>"; };
		2D766079141FF12C00FA33D5 /* ControlsViewController.h */ = {isa = PBXFileReference; fileEncoding = 4; lastKnownFileType = sourcecode.c.h; path = ControlsViewController.h; sourceTree = "<group>"; };
		2D76607A141FF12C00FA33D5 /* ControlsViewController.m */ = {isa = PBXFileReference; fileEncoding = 4; lastKnownFileType = sourcecode.c.objc; path = ControlsViewController.m; sourceTree = "<group>"; };
		2D76607C141FF12C00FA33D5 /* 12-6AM.png */ = {isa = PBXFileReference; lastKnownFileType = image.png; path = "12-6AM.png"; sourceTree = "<group>"; };
		2D76607D141FF12C00FA33D5 /* 12-6PM.png */ = {isa = PBXFileReference; lastKnownFileType = image.png; path = "12-6PM.png"; sourceTree = "<group>"; };
		2D76607E141FF12C00FA33D5 /* 6-12AM.png */ = {isa = PBXFileReference; lastKnownFileType = image.png; path = "6-12AM.png"; sourceTree = "<group>"; };
		2D76607F141FF12C00FA33D5 /* 6-12PM.png */ = {isa = PBXFileReference; lastKnownFileType = image.png; path = "6-12PM.png"; sourceTree = "<group>"; };
		2D766080141FF12C00FA33D5 /* blueButton.png */ = {isa = PBXFileReference; lastKnownFileType = image.png; path = blueButton.png; sourceTree = "<group>"; };
		2D766081141FF12C00FA33D5 /* Default.png */ = {isa = PBXFileReference; lastKnownFileType = image.png; path = Default.png; sourceTree = "<group>"; };
		2D766082141FF12C00FA33D5 /* Icon-72.png */ = {isa = PBXFileReference; lastKnownFileType = image.png; path = "Icon-72.png"; sourceTree = "<group>"; };
		2D766083141FF12C00FA33D5 /* Icon-Small-50.png */ = {isa = PBXFileReference; lastKnownFileType = image.png; path = "Icon-Small-50.png"; sourceTree = "<group>"; };
		2D766084141FF12C00FA33D5 /* Icon-Small.png */ = {isa = PBXFileReference; lastKnownFileType = image.png; path = "Icon-Small.png"; sourceTree = "<group>"; };
		2D766085141FF12C00FA33D5 /* Icon-Small@2x.png */ = {isa = PBXFileReference; lastKnownFileType = image.png; path = "Icon-Small@2x.png"; sourceTree = "<group>"; };
		2D766086141FF12C00FA33D5 /* Icon.png */ = {isa = PBXFileReference; lastKnownFileType = image.png; path = Icon.png; sourceTree = "<group>"; };
		2D766087141FF12C00FA33D5 /* Icon@2x.png */ = {isa = PBXFileReference; lastKnownFileType = image.png; path = "Icon@2x.png"; sourceTree = "<group>"; };
		2D766088141FF12C00FA33D5 /* iTunesArtwork */ = {isa = PBXFileReference; lastKnownFileType = file; path = iTunesArtwork; sourceTree = "<group>"; };
		2D766089141FF12C00FA33D5 /* orangeslide.png */ = {isa = PBXFileReference; lastKnownFileType = image.png; path = orangeslide.png; sourceTree = "<group>"; };
		2D76608A141FF12C00FA33D5 /* scene1.jpg */ = {isa = PBXFileReference; lastKnownFileType = image.jpeg; path = scene1.jpg; sourceTree = "<group>"; };
		2D76608B141FF12C00FA33D5 /* scene2.jpg */ = {isa = PBXFileReference; lastKnownFileType = image.jpeg; path = scene2.jpg; sourceTree = "<group>"; };
		2D76608C141FF12C00FA33D5 /* scene3.jpg */ = {isa = PBXFileReference; lastKnownFileType = image.jpeg; path = scene3.jpg; sourceTree = "<group>"; };
		2D76608D141FF12C00FA33D5 /* scene4.jpg */ = {isa = PBXFileReference; lastKnownFileType = image.jpeg; path = scene4.jpg; sourceTree = "<group>"; };
		2D76608E141FF12C00FA33D5 /* scene5.jpg */ = {isa = PBXFileReference; lastKnownFileType = image.jpeg; path = scene5.jpg; sourceTree = "<group>"; };
		2D76608F141FF12C00FA33D5 /* segment_check.png */ = {isa = PBXFileReference; lastKnownFileType = image.png; path = segment_check.png; sourceTree = "<group>"; };
		2D766090141FF12C00FA33D5 /* segment_search.png */ = {isa = PBXFileReference; lastKnownFileType = image.png; path = segment_search.png; sourceTree = "<group>"; };
		2D766091141FF12C00FA33D5 /* segment_tools.png */ = {isa = PBXFileReference; lastKnownFileType = image.png; path = segment_tools.png; sourceTree = "<group>"; };
		2D766092141FF12C00FA33D5 /* slider_ball.png */ = {isa = PBXFileReference; lastKnownFileType = image.png; path = slider_ball.png; sourceTree = "<group>"; };
		2D766093141FF12C00FA33D5 /* UIButton_custom.png */ = {isa = PBXFileReference; lastKnownFileType = image.png; path = UIButton_custom.png; sourceTree = "<group>"; };
		2D766094141FF12C00FA33D5 /* whiteButton.png */ = {isa = PBXFileReference; lastKnownFileType = image.png; path = whiteButton.png; sourceTree = "<group>"; };
		2D766095141FF12C00FA33D5 /* yellowslide.png */ = {isa = PBXFileReference; lastKnownFileType = image.png; path = yellowslide.png; sourceTree = "<group>"; };
		2D766096141FF12C00FA33D5 /* ImagesViewController.h */ = {isa = PBXFileReference; fileEncoding = 4; lastKnownFileType = sourcecode.c.h; path = ImagesViewController.h; sourceTree = "<group>"; };
		2D766097141FF12C00FA33D5 /* ImagesViewController.m */ = {isa = PBXFileReference; fileEncoding = 4; lastKnownFileType = sourcecode.c.objc; path = ImagesViewController.m; sourceTree = "<group>"; };
		2D766098141FF12C00FA33D5 /* MainViewController.h */ = {isa = PBXFileReference; fileEncoding = 4; lastKnownFileType = sourcecode.c.h; path = MainViewController.h; sourceTree = "<group>"; };
		2D766099141FF12C00FA33D5 /* MainViewController.m */ = {isa = PBXFileReference; fileEncoding = 4; lastKnownFileType = sourcecode.c.objc; path = MainViewController.m; sourceTree = "<group>"; };
		2D76609B141FF12C00FA33D5 /* CustomPickerDataSource.h */ = {isa = PBXFileReference; fileEncoding = 4; lastKnownFileType = sourcecode.c.h; path = CustomPickerDataSource.h; sourceTree = "<group>"; };
		2D76609C141FF12C00FA33D5 /* CustomPickerDataSource.m */ = {isa = PBXFileReference; fileEncoding = 4; lastKnownFileType = sourcecode.c.objc; path = CustomPickerDataSource.m; sourceTree = "<group>"; };
		2D76609D141FF12C00FA33D5 /* CustomView.h */ = {isa = PBXFileReference; fileEncoding = 4; lastKnownFileType = sourcecode.c.h; path = CustomView.h; sourceTree = "<group>"; };
		2D76609E141FF12C00FA33D5 /* CustomView.m */ = {isa = PBXFileReference; fileEncoding = 4; lastKnownFileType = sourcecode.c.objc; path = CustomView.m; sourceTree = "<group>"; };
		2D76609F141FF12C00FA33D5 /* PickerViewController.h */ = {isa = PBXFileReference; fileEncoding = 4; lastKnownFileType = sourcecode.c.h; path = PickerViewController.h; sourceTree = "<group>"; };
		2D7660A0141FF12C00FA33D5 /* PickerViewController.m */ = {isa = PBXFileReference; fileEncoding = 4; lastKnownFileType = sourcecode.c.objc; path = PickerViewController.m; sourceTree = "<group>"; };
		2D7660A1141FF12C00FA33D5 /* SearchBarController.h */ = {isa = PBXFileReference; fileEncoding = 4; lastKnownFileType = sourcecode.c.h; path = SearchBarController.h; sourceTree = "<group>"; };
		2D7660A2141FF12C00FA33D5 /* SearchBarController.m */ = {isa = PBXFileReference; fileEncoding = 4; lastKnownFileType = sourcecode.c.objc; path = SearchBarController.m; sourceTree = "<group>"; };
		2D7660A3141FF12C00FA33D5 /* SegmentViewController.h */ = {isa = PBXFileReference; fileEncoding = 4; lastKnownFileType = sourcecode.c.h; path = SegmentViewController.h; sourceTree = "<group>"; };
		2D7660A4141FF12C00FA33D5 /* SegmentViewController.m */ = {isa = PBXFileReference; fileEncoding = 4; lastKnownFileType = sourcecode.c.objc; path = SegmentViewController.m; sourceTree = "<group>"; };
		2D7660A5141FF12C00FA33D5 /* TextFieldController.h */ = {isa = PBXFileReference; fileEncoding = 4; lastKnownFileType = sourcecode.c.h; path = TextFieldController.h; sourceTree = "<group>"; };
		2D7660A6141FF12C00FA33D5 /* TextFieldController.m */ = {isa = PBXFileReference; fileEncoding = 4; lastKnownFileType = sourcecode.c.objc; path = TextFieldController.m; sourceTree = "<group>"; };
		2D7660A7141FF12C00FA33D5 /* TextViewController.h */ = {isa = PBXFileReference; fileEncoding = 4; lastKnownFileType = sourcecode.c.h; path = TextViewController.h; sourceTree = "<group>"; };
		2D7660A8141FF12C00FA33D5 /* TextViewController.m */ = {isa = PBXFileReference; fileEncoding = 4; lastKnownFileType = sourcecode.c.objc; path = TextViewController.m; sourceTree = "<group>"; };
		2D7660A9141FF12C00FA33D5 /* ToolbarViewController.h */ = {isa = PBXFileReference; fileEncoding = 4; lastKnownFileType = sourcecode.c.h; path = ToolbarViewController.h; sourceTree = "<group>"; };
		2D7660AA141FF12C00FA33D5 /* ToolbarViewController.m */ = {isa = PBXFileReference; fileEncoding = 4; lastKnownFileType = sourcecode.c.objc; path = ToolbarViewController.m; sourceTree = "<group>"; };
		2D7660AB141FF12C00FA33D5 /* TransitionViewController.h */ = {isa = PBXFileReference; fileEncoding = 4; lastKnownFileType = sourcecode.c.h; path = TransitionViewController.h; sourceTree = "<group>"; };
		2D7660AC141FF12C00FA33D5 /* TransitionViewController.m */ = {isa = PBXFileReference; fileEncoding = 4; lastKnownFileType = sourcecode.c.objc; path = TransitionViewController.m; sourceTree = "<group>"; };
		2D7660AD141FF12C00FA33D5 /* WebViewController.h */ = {isa = PBXFileReference; fileEncoding = 4; lastKnownFileType = sourcecode.c.h; path = WebViewController.h; sourceTree = "<group>"; };
		2D7660AE141FF12C00FA33D5 /* WebViewController.m */ = {isa = PBXFileReference; fileEncoding = 4; lastKnownFileType = sourcecode.c.objc; path = WebViewController.m; sourceTree = "<group>"; };
		2D7660DA141FF1A200FA33D5 /* en */ = {isa = PBXFileReference; lastKnownFileType = file.xib; name = en; path = en.lproj/AlertsViewController.xib; sourceTree = "<group>"; };
		2D7660DC141FF1A200FA33D5 /* en */ = {isa = PBXFileReference; lastKnownFileType = file.xib; name = en; path = en.lproj/ButtonsViewController.xib; sourceTree = "<group>"; };
		2D7660DE141FF1A200FA33D5 /* en */ = {isa = PBXFileReference; lastKnownFileType = file.xib; name = en; path = en.lproj/ControlsViewController.xib; sourceTree = "<group>"; };
		2D7660E0141FF1A200FA33D5 /* en */ = {isa = PBXFileReference; lastKnownFileType = file.xib; name = en; path = en.lproj/ImagesViewController.xib; sourceTree = "<group>"; };
		2D7660E2141FF1A200FA33D5 /* en */ = {isa = PBXFileReference; lastKnownFileType = file.xib; name = en; path = en.lproj/PickerViewController.xib; sourceTree = "<group>"; };
		2D7660E4141FF1A200FA33D5 /* en */ = {isa = PBXFileReference; lastKnownFileType = file.xib; name = en; path = en.lproj/SearchBarController.xib; sourceTree = "<group>"; };
		2D7660E6141FF1A200FA33D5 /* en */ = {isa = PBXFileReference; lastKnownFileType = file.xib; name = en; path = en.lproj/SegmentViewController.xib; sourceTree = "<group>"; };
		2D7660E8141FF1A200FA33D5 /* en */ = {isa = PBXFileReference; lastKnownFileType = file.xib; name = en; path = en.lproj/TextFieldController.xib; sourceTree = "<group>"; };
		2D7660EA141FF1A200FA33D5 /* en */ = {isa = PBXFileReference; lastKnownFileType = file.xib; name = en; path = en.lproj/TextViewController.xib; sourceTree = "<group>"; };
		2D7660EC141FF1A200FA33D5 /* en */ = {isa = PBXFileReference; lastKnownFileType = file.xib; name = en; path = en.lproj/ToolbarViewController.xib; sourceTree = "<group>"; };
		2D7660EE141FF1A200FA33D5 /* en */ = {isa = PBXFileReference; lastKnownFileType = file.xib; name = en; path = en.lproj/TransitionViewController.xib; sourceTree = "<group>"; };
		2D7660F0141FF1A200FA33D5 /* en */ = {isa = PBXFileReference; lastKnownFileType = file.xib; name = en; path = en.lproj/WebViewController.xib; sourceTree = "<group>"; };
		2D7660FE141FF1AB00FA33D5 /* en */ = {isa = PBXFileReference; lastKnownFileType = text.plist.strings; name = en; path = en.lproj/Localizable.strings; sourceTree = "<group>"; };
		2D766109141FF25300FA33D5 /* en */ = {isa = PBXFileReference; lastKnownFileType = file.xib; name = en; path = en.lproj/MainWindow.xib; sourceTree = "<group>"; };
		2DBE365613BDF13400E9AA11 /* QuartzCore.framework */ = {isa = PBXFileReference; lastKnownFileType = wrapper.framework; name = QuartzCore.framework; path = System/Library/Frameworks/QuartzCore.framework; sourceTree = SDKROOT; };
		2DC139B213B3ACE90026D4D5 /* Theme Explorer.app */ = {isa = PBXFileReference; explicitFileType = wrapper.application; includeInIndex = 0; path = "Theme Explorer.app"; sourceTree = BUILT_PRODUCTS_DIR; };
		2DC139B613B3ACE90026D4D5 /* UIKit.framework */ = {isa = PBXFileReference; lastKnownFileType = wrapper.framework; name = UIKit.framework; path = System/Library/Frameworks/UIKit.framework; sourceTree = SDKROOT; };
		2DC139B813B3ACE90026D4D5 /* Foundation.framework */ = {isa = PBXFileReference; lastKnownFileType = wrapper.framework; name = Foundation.framework; path = System/Library/Frameworks/Foundation.framework; sourceTree = SDKROOT; };
		2DC139BA13B3ACE90026D4D5 /* CoreGraphics.framework */ = {isa = PBXFileReference; lastKnownFileType = wrapper.framework; name = CoreGraphics.framework; path = System/Library/Frameworks/CoreGraphics.framework; sourceTree = SDKROOT; };
		2DC139BE13B3ACE90026D4D5 /* Theme Explorer-Info.plist */ = {isa = PBXFileReference; lastKnownFileType = text.plist.xml; path = "Theme Explorer-Info.plist"; sourceTree = "<group>"; };
		2DC139C213B3ACE90026D4D5 /* Theme Explorer-Prefix.pch */ = {isa = PBXFileReference; lastKnownFileType = sourcecode.c.h; path = "Theme Explorer-Prefix.pch"; sourceTree = "<group>"; };
		2DC139C313B3ACE90026D4D5 /* main.m */ = {isa = PBXFileReference; lastKnownFileType = sourcecode.c.objc; path = main.m; sourceTree = "<group>"; };
		2DC139C513B3ACE90026D4D5 /* ThemeAppDelegate.h */ = {isa = PBXFileReference; lastKnownFileType = sourcecode.c.h; path = ThemeAppDelegate.h; sourceTree = "<group>"; };
		2DC139C613B3ACE90026D4D5 /* ThemeAppDelegate.m */ = {isa = PBXFileReference; lastKnownFileType = sourcecode.c.objc; path = ThemeAppDelegate.m; sourceTree = "<group>"; };
		2DC139E813B3B8EF0026D4D5 /* ga-js-runtime.js */ = {isa = PBXFileReference; fileEncoding = 4; lastKnownFileType = sourcecode.javascript; name = "ga-js-runtime.js"; path = "../ga-js-runtime.js"; sourceTree = "<group>"; };
		2DC139EA13B3CB0C0026D4D5 /* styles.html */ = {isa = PBXFileReference; fileEncoding = 4; lastKnownFileType = text.html; path = styles.html; sourceTree = "<group>"; };
/* End PBXFileReference section */

/* Begin PBXFrameworksBuildPhase section */
		2DC139AF13B3ACE90026D4D5 /* Frameworks */ = {
			isa = PBXFrameworksBuildPhase;
			buildActionMask = 2147483647;
			files = (
				2D766073141FF00D00FA33D5 /* libGAJavaScript.a in Frameworks */,
				2DC139B713B3ACE90026D4D5 /* UIKit.framework in Frameworks */,
				2DC139B913B3ACE90026D4D5 /* Foundation.framework in Frameworks */,
				2DBE365713BDF13400E9AA11 /* QuartzCore.framework in Frameworks */,
				2DC139BB13B3ACE90026D4D5 /* CoreGraphics.framework in Frameworks */,
			);
			runOnlyForDeploymentPostprocessing = 0;
		};
/* End PBXFrameworksBuildPhase section */

/* Begin PBXGroup section */
		2D76607B141FF12C00FA33D5 /* images */ = {
			isa = PBXGroup;
			children = (
				2D76607C141FF12C00FA33D5 /* 12-6AM.png */,
				2D76607D141FF12C00FA33D5 /* 12-6PM.png */,
				2D76607E141FF12C00FA33D5 /* 6-12AM.png */,
				2D76607F141FF12C00FA33D5 /* 6-12PM.png */,
				2D766080141FF12C00FA33D5 /* blueButton.png */,
				2D766081141FF12C00FA33D5 /* Default.png */,
				2D766082141FF12C00FA33D5 /* Icon-72.png */,
				2D766083141FF12C00FA33D5 /* Icon-Small-50.png */,
				2D766084141FF12C00FA33D5 /* Icon-Small.png */,
				2D766085141FF12C00FA33D5 /* Icon-Small@2x.png */,
				2D766086141FF12C00FA33D5 /* Icon.png */,
				2D766087141FF12C00FA33D5 /* Icon@2x.png */,
				2D766088141FF12C00FA33D5 /* iTunesArtwork */,
				2D766089141FF12C00FA33D5 /* orangeslide.png */,
				2D76608A141FF12C00FA33D5 /* scene1.jpg */,
				2D76608B141FF12C00FA33D5 /* scene2.jpg */,
				2D76608C141FF12C00FA33D5 /* scene3.jpg */,
				2D76608D141FF12C00FA33D5 /* scene4.jpg */,
				2D76608E141FF12C00FA33D5 /* scene5.jpg */,
				2D76608F141FF12C00FA33D5 /* segment_check.png */,
				2D766090141FF12C00FA33D5 /* segment_search.png */,
				2D766091141FF12C00FA33D5 /* segment_tools.png */,
				2D766092141FF12C00FA33D5 /* slider_ball.png */,
				2D766093141FF12C00FA33D5 /* UIButton_custom.png */,
				2D766094141FF12C00FA33D5 /* whiteButton.png */,
				2D766095141FF12C00FA33D5 /* yellowslide.png */,
			);
			path = images;
			sourceTree = "<group>";
		};
		2D76609A141FF12C00FA33D5 /* Picker */ = {
			isa = PBXGroup;
			children = (
				2D76609B141FF12C00FA33D5 /* CustomPickerDataSource.h */,
				2D76609C141FF12C00FA33D5 /* CustomPickerDataSource.m */,
				2D76609D141FF12C00FA33D5 /* CustomView.h */,
				2D76609E141FF12C00FA33D5 /* CustomView.m */,
			);
			path = Picker;
			sourceTree = "<group>";
		};
		2D7660D8141FF18800FA33D5 /* Nibs */ = {
			isa = PBXGroup;
			children = (
				2D766108141FF25300FA33D5 /* MainWindow.xib */,
				2D7660D9141FF1A200FA33D5 /* AlertsViewController.xib */,
				2D7660DB141FF1A200FA33D5 /* ButtonsViewController.xib */,
				2D7660DD141FF1A200FA33D5 /* ControlsViewController.xib */,
				2D7660DF141FF1A200FA33D5 /* ImagesViewController.xib */,
				2D7660E1141FF1A200FA33D5 /* PickerViewController.xib */,
				2D7660E3141FF1A200FA33D5 /* SearchBarController.xib */,
				2D7660E5141FF1A200FA33D5 /* SegmentViewController.xib */,
				2D7660E7141FF1A200FA33D5 /* TextFieldController.xib */,
				2D7660E9141FF1A200FA33D5 /* TextViewController.xib */,
				2D7660EB141FF1A200FA33D5 /* ToolbarViewController.xib */,
				2D7660ED141FF1A200FA33D5 /* TransitionViewController.xib */,
				2D7660EF141FF1A200FA33D5 /* WebViewController.xib */,
			);
			name = Nibs;
			sourceTree = "<group>";
		};
		2DC139A713B3ACE80026D4D5 = {
			isa = PBXGroup;
			children = (
				2DC139BC13B3ACE90026D4D5 /* Theme Explorer */,
				2DC139D613B3B8D40026D4D5 /* GAJavaScript */,
				2DC139B513B3ACE90026D4D5 /* Frameworks */,
				2DC139B313B3ACE90026D4D5 /* Products */,
			);
			sourceTree = "<group>";
		};
		2DC139B313B3ACE90026D4D5 /* Products */ = {
			isa = PBXGroup;
			children = (
				2DC139B213B3ACE90026D4D5 /* Theme Explorer.app */,
			);
			name = Products;
			sourceTree = "<group>";
		};
		2DC139B513B3ACE90026D4D5 /* Frameworks */ = {
			isa = PBXGroup;
			children = (
				2DBE365613BDF13400E9AA11 /* QuartzCore.framework */,
				2DC139B613B3ACE90026D4D5 /* UIKit.framework */,
				2DC139B813B3ACE90026D4D5 /* Foundation.framework */,
				2DC139BA13B3ACE90026D4D5 /* CoreGraphics.framework */,
			);
			name = Frameworks;
			sourceTree = "<group>";
		};
		2DC139BC13B3ACE90026D4D5 /* Theme Explorer */ = {
			isa = PBXGroup;
			children = (
				2D7660D8141FF18800FA33D5 /* Nibs */,
				2D766074141FF12C00FA33D5 /* AlertsViewController.h */,
				2D766075141FF12C00FA33D5 /* AlertsViewController.m */,
				2D766076141FF12C00FA33D5 /* ButtonsViewController.h */,
				2D766077141FF12C00FA33D5 /* ButtonsViewController.m */,
				2D766078141FF12C00FA33D5 /* Constants.h */,
				2D766079141FF12C00FA33D5 /* ControlsViewController.h */,
				2D76607A141FF12C00FA33D5 /* ControlsViewController.m */,
				2D766096141FF12C00FA33D5 /* ImagesViewController.h */,
				2D766097141FF12C00FA33D5 /* ImagesViewController.m */,
				2D766098141FF12C00FA33D5 /* MainViewController.h */,
				2D766099141FF12C00FA33D5 /* MainViewController.m */,
				2D76609A141FF12C00FA33D5 /* Picker */,
				2D76609F141FF12C00FA33D5 /* PickerViewController.h */,
				2D7660A0141FF12C00FA33D5 /* PickerViewController.m */,
				2D7660A1141FF12C00FA33D5 /* SearchBarController.h */,
				2D7660A2141FF12C00FA33D5 /* SearchBarController.m */,
				2D7660A3141FF12C00FA33D5 /* SegmentViewController.h */,
				2D7660A4141FF12C00FA33D5 /* SegmentViewController.m */,
				2D7660A5141FF12C00FA33D5 /* TextFieldController.h */,
				2D7660A6141FF12C00FA33D5 /* TextFieldController.m */,
				2D7660A7141FF12C00FA33D5 /* TextViewController.h */,
				2D7660A8141FF12C00FA33D5 /* TextViewController.m */,
				2D7660A9141FF12C00FA33D5 /* ToolbarViewController.h */,
				2D7660AA141FF12C00FA33D5 /* ToolbarViewController.m */,
				2D7660AB141FF12C00FA33D5 /* TransitionViewController.h */,
				2D7660AC141FF12C00FA33D5 /* TransitionViewController.m */,
				2D7660AD141FF12C00FA33D5 /* WebViewController.h */,
				2D7660AE141FF12C00FA33D5 /* WebViewController.m */,
				2DC139C513B3ACE90026D4D5 /* ThemeAppDelegate.h */,
				2DC139C613B3ACE90026D4D5 /* ThemeAppDelegate.m */,
				2DC139EA13B3CB0C0026D4D5 /* styles.html */,
				2D76607B141FF12C00FA33D5 /* images */,
				2DC139BD13B3ACE90026D4D5 /* Supporting Files */,
			);
			path = "Theme Explorer";
			sourceTree = "<group>";
		};
		2DC139BD13B3ACE90026D4D5 /* Supporting Files */ = {
			isa = PBXGroup;
			children = (
				2D7660FD141FF1AB00FA33D5 /* Localizable.strings */,
				2DC139BE13B3ACE90026D4D5 /* Theme Explorer-Info.plist */,
				2DC139C213B3ACE90026D4D5 /* Theme Explorer-Prefix.pch */,
				2DC139C313B3ACE90026D4D5 /* main.m */,
			);
			name = "Supporting Files";
			sourceTree = "<group>";
		};
		2DC139D613B3B8D40026D4D5 /* GAJavaScript */ = {
			isa = PBXGroup;
			children = (
				2D766072141FF00D00FA33D5 /* libGAJavaScript.a */,
				2DC139E813B3B8EF0026D4D5 /* ga-js-runtime.js */,
			);
			name = GAJavaScript;
			sourceTree = "<group>";
		};
/* End PBXGroup section */

/* Begin PBXNativeTarget section */
		2DC139B113B3ACE90026D4D5 /* Theme Explorer */ = {
			isa = PBXNativeTarget;
			buildConfigurationList = 2DC139D313B3ACE90026D4D5 /* Build configuration list for PBXNativeTarget "Theme Explorer" */;
			buildPhases = (
				2DC139AE13B3ACE90026D4D5 /* Sources */,
				2DC139AF13B3ACE90026D4D5 /* Frameworks */,
				2DC139B013B3ACE90026D4D5 /* Resources */,
			);
			buildRules = (
			);
			dependencies = (
			);
			name = "Theme Explorer";
			productName = "Theme Explorer";
			productReference = 2DC139B213B3ACE90026D4D5 /* Theme Explorer.app */;
			productType = "com.apple.product-type.application";
		};
/* End PBXNativeTarget section */

/* Begin PBXProject section */
		2DC139A913B3ACE90026D4D5 /* Project object */ = {
			isa = PBXProject;
			attributes = {
				LastUpgradeCheck = 0420;
				ORGANIZATIONNAME = "Wingspan Technology, Inc.";
			};
			buildConfigurationList = 2DC139AC13B3ACE90026D4D5 /* Build configuration list for PBXProject "Theme Explorer" */;
			compatibilityVersion = "Xcode 3.2";
			developmentRegion = English;
			hasScannedForEncodings = 0;
			knownRegions = (
				en,
			);
			mainGroup = 2DC139A713B3ACE80026D4D5;
			productRefGroup = 2DC139B313B3ACE90026D4D5 /* Products */;
			projectDirPath = "";
			projectRoot = "";
			targets = (
				2DC139B113B3ACE90026D4D5 /* Theme Explorer */,
			);
		};
/* End PBXProject section */

/* Begin PBXResourcesBuildPhase section */
		2DC139B013B3ACE90026D4D5 /* Resources */ = {
			isa = PBXResourcesBuildPhase;
			buildActionMask = 2147483647;
			files = (
				2DC139E913B3B8EF0026D4D5 /* ga-js-runtime.js in Resources */,
				2DC139EB13B3CB0C0026D4D5 /* styles.html in Resources */,
				2D7660B2141FF12C00FA33D5 /* 12-6AM.png in Resources */,
				2D7660B3141FF12C00FA33D5 /* 12-6PM.png in Resources */,
				2D7660B4141FF12C00FA33D5 /* 6-12AM.png in Resources */,
				2D7660B5141FF12C00FA33D5 /* 6-12PM.png in Resources */,
				2D7660B6141FF12C00FA33D5 /* blueButton.png in Resources */,
				2D7660B7141FF12C00FA33D5 /* Default.png in Resources */,
				2D7660B8141FF12C00FA33D5 /* Icon-72.png in Resources */,
				2D7660B9141FF12C00FA33D5 /* Icon-Small-50.png in Resources */,
				2D7660BA141FF12C00FA33D5 /* Icon-Small.png in Resources */,
				2D7660BB141FF12C00FA33D5 /* Icon-Small@2x.png in Resources */,
				2D7660BC141FF12C00FA33D5 /* Icon.png in Resources */,
				2D7660BD141FF12C00FA33D5 /* Icon@2x.png in Resources */,
				2D7660BE141FF12C00FA33D5 /* iTunesArtwork in Resources */,
				2D7660BF141FF12C00FA33D5 /* orangeslide.png in Resources */,
				2D7660C0141FF12C00FA33D5 /* scene1.jpg in Resources */,
				2D7660C1141FF12C00FA33D5 /* scene2.jpg in Resources */,
				2D7660C2141FF12C00FA33D5 /* scene3.jpg in Resources */,
				2D7660C3141FF12C00FA33D5 /* scene4.jpg in Resources */,
				2D7660C4141FF12C00FA33D5 /* scene5.jpg in Resources */,
				2D7660C5141FF12C00FA33D5 /* segment_check.png in Resources */,
				2D7660C6141FF12C00FA33D5 /* segment_search.png in Resources */,
				2D7660C7141FF12C00FA33D5 /* segment_tools.png in Resources */,
				2D7660C8141FF12C00FA33D5 /* slider_ball.png in Resources */,
				2D7660C9141FF12C00FA33D5 /* UIButton_custom.png in Resources */,
				2D7660CA141FF12C00FA33D5 /* whiteButton.png in Resources */,
				2D7660CB141FF12C00FA33D5 /* yellowslide.png in Resources */,
				2D7660F1141FF1A200FA33D5 /* AlertsViewController.xib in Resources */,
				2D7660F2141FF1A200FA33D5 /* ButtonsViewController.xib in Resources */,
				2D7660F3141FF1A200FA33D5 /* ControlsViewController.xib in Resources */,
				2D7660F4141FF1A200FA33D5 /* ImagesViewController.xib in Resources */,
				2D7660F5141FF1A200FA33D5 /* PickerViewController.xib in Resources */,
				2D7660F6141FF1A200FA33D5 /* SearchBarController.xib in Resources */,
				2D7660F7141FF1A200FA33D5 /* SegmentViewController.xib in Resources */,
				2D7660F8141FF1A200FA33D5 /* TextFieldController.xib in Resources */,
				2D7660F9141FF1A200FA33D5 /* TextViewController.xib in Resources */,
				2D7660FA141FF1A200FA33D5 /* ToolbarViewController.xib in Resources */,
				2D7660FB141FF1A200FA33D5 /* TransitionViewController.xib in Resources */,
				2D7660FC141FF1A200FA33D5 /* WebViewController.xib in Resources */,
				2D7660FF141FF1AB00FA33D5 /* Localizable.strings in Resources */,
				2D76610A141FF25300FA33D5 /* MainWindow.xib in Resources */,
			);
			runOnlyForDeploymentPostprocessing = 0;
		};
/* End PBXResourcesBuildPhase section */

/* Begin PBXSourcesBuildPhase section */
		2DC139AE13B3ACE90026D4D5 /* Sources */ = {
			isa = PBXSourcesBuildPhase;
			buildActionMask = 2147483647;
			files = (
				2DC139C413B3ACE90026D4D5 /* main.m in Sources */,
				2DC139C713B3ACE90026D4D5 /* ThemeAppDelegate.m in Sources */,
				2D7660AF141FF12C00FA33D5 /* AlertsViewController.m in Sources */,
				2D7660B0141FF12C00FA33D5 /* ButtonsViewController.m in Sources */,
				2D7660B1141FF12C00FA33D5 /* ControlsViewController.m in Sources */,
				2D7660CC141FF12C00FA33D5 /* ImagesViewController.m in Sources */,
				2D7660CD141FF12C00FA33D5 /* MainViewController.m in Sources */,
				2D7660CE141FF12C00FA33D5 /* CustomPickerDataSource.m in Sources */,
				2D7660CF141FF12C00FA33D5 /* CustomView.m in Sources */,
				2D7660D0141FF12C00FA33D5 /* PickerViewController.m in Sources */,
				2D7660D1141FF12C00FA33D5 /* SearchBarController.m in Sources */,
				2D7660D2141FF12C00FA33D5 /* SegmentViewController.m in Sources */,
				2D7660D3141FF12C00FA33D5 /* TextFieldController.m in Sources */,
				2D7660D4141FF12C00FA33D5 /* TextViewController.m in Sources */,
				2D7660D5141FF12C00FA33D5 /* ToolbarViewController.m in Sources */,
				2D7660D6141FF12C00FA33D5 /* TransitionViewController.m in Sources */,
				2D7660D7141FF12C00FA33D5 /* WebViewController.m in Sources */,
			);
			runOnlyForDeploymentPostprocessing = 0;
		};
/* End PBXSourcesBuildPhase section */

/* Begin PBXVariantGroup section */
		2D7660D9141FF1A200FA33D5 /* AlertsViewController.xib */ = {
			isa = PBXVariantGroup;
			children = (
				2D7660DA141FF1A200FA33D5 /* en */,
			);
			name = AlertsViewController.xib;
			sourceTree = "<group>";
		};
		2D7660DB141FF1A200FA33D5 /* ButtonsViewController.xib */ = {
			isa = PBXVariantGroup;
			children = (
				2D7660DC141FF1A200FA33D5 /* en */,
			);
			name = ButtonsViewController.xib;
			sourceTree = "<group>";
		};
		2D7660DD141FF1A200FA33D5 /* ControlsViewController.xib */ = {
			isa = PBXVariantGroup;
			children = (
				2D7660DE141FF1A200FA33D5 /* en */,
			);
			name = ControlsViewController.xib;
			sourceTree = "<group>";
		};
		2D7660DF141FF1A200FA33D5 /* ImagesViewController.xib */ = {
			isa = PBXVariantGroup;
			children = (
				2D7660E0141FF1A200FA33D5 /* en */,
			);
			name = ImagesViewController.xib;
			sourceTree = "<group>";
		};
		2D7660E1141FF1A200FA33D5 /* PickerViewController.xib */ = {
			isa = PBXVariantGroup;
			children = (
				2D7660E2141FF1A200FA33D5 /* en */,
			);
			name = PickerViewController.xib;
			sourceTree = "<group>";
		};
		2D7660E3141FF1A200FA33D5 /* SearchBarController.xib */ = {
			isa = PBXVariantGroup;
			children = (
				2D7660E4141FF1A200FA33D5 /* en */,
			);
			name = SearchBarController.xib;
			sourceTree = "<group>";
		};
		2D7660E5141FF1A200FA33D5 /* SegmentViewController.xib */ = {
			isa = PBXVariantGroup;
			children = (
				2D7660E6141FF1A200FA33D5 /* en */,
			);
			name = SegmentViewController.xib;
			sourceTree = "<group>";
		};
		2D7660E7141FF1A200FA33D5 /* TextFieldController.xib */ = {
			isa = PBXVariantGroup;
			children = (
				2D7660E8141FF1A200FA33D5 /* en */,
			);
			name = TextFieldController.xib;
			sourceTree = "<group>";
		};
		2D7660E9141FF1A200FA33D5 /* TextViewController.xib */ = {
			isa = PBXVariantGroup;
			children = (
				2D7660EA141FF1A200FA33D5 /* en */,
			);
			name = TextViewController.xib;
			sourceTree = "<group>";
		};
		2D7660EB141FF1A200FA33D5 /* ToolbarViewController.xib */ = {
			isa = PBXVariantGroup;
			children = (
				2D7660EC141FF1A200FA33D5 /* en */,
			);
			name = ToolbarViewController.xib;
			sourceTree = "<group>";
		};
		2D7660ED141FF1A200FA33D5 /* TransitionViewController.xib */ = {
			isa = PBXVariantGroup;
			children = (
				2D7660EE141FF1A200FA33D5 /* en */,
			);
			name = TransitionViewController.xib;
			sourceTree = "<group>";
		};
		2D7660EF141FF1A200FA33D5 /* WebViewController.xib */ = {
			isa = PBXVariantGroup;
			children = (
				2D7660F0141FF1A200FA33D5 /* en */,
			);
			name = WebViewController.xib;
			sourceTree = "<group>";
		};
		2D7660FD141FF1AB00FA33D5 /* Localizable.strings */ = {
			isa = PBXVariantGroup;
			children = (
				2D7660FE141FF1AB00FA33D5 /* en */,
			);
			name = Localizable.strings;
			sourceTree = "<group>";
		};
		2D766108141FF25300FA33D5 /* MainWindow.xib */ = {
			isa = PBXVariantGroup;
			children = (
				2D766109141FF25300FA33D5 /* en */,
			);
			name = MainWindow.xib;
			sourceTree = "<group>";
		};
/* End PBXVariantGroup section */

/* Begin XCBuildConfiguration section */
		2DC139D113B3ACE90026D4D5 /* Debug */ = {
			isa = XCBuildConfiguration;
			buildSettings = {
				ARCHS = "$(ARCHS_STANDARD_32_BIT)";
				"CODE_SIGN_IDENTITY[sdk=iphoneos*]" = "iPhone Developer";
				GCC_C_LANGUAGE_STANDARD = gnu99;
				GCC_OPTIMIZATION_LEVEL = 0;
				GCC_PREPROCESSOR_DEFINITIONS = DEBUG;
				GCC_SYMBOLS_PRIVATE_EXTERN = NO;
				GCC_VERSION = com.apple.compilers.llvmgcc42;
				GCC_WARN_ABOUT_RETURN_TYPE = YES;
				GCC_WARN_UNUSED_VARIABLE = YES;
				IPHONEOS_DEPLOYMENT_TARGET = 4.3;
				SDKROOT = iphoneos;
			};
			name = Debug;
		};
		2DC139D213B3ACE90026D4D5 /* Release */ = {
			isa = XCBuildConfiguration;
			buildSettings = {
				ARCHS = "$(ARCHS_STANDARD_32_BIT)";
				"CODE_SIGN_IDENTITY[sdk=iphoneos*]" = "iPhone Developer";
				GCC_C_LANGUAGE_STANDARD = gnu99;
				GCC_VERSION = com.apple.compilers.llvmgcc42;
				GCC_WARN_ABOUT_RETURN_TYPE = YES;
				GCC_WARN_UNUSED_VARIABLE = YES;
				IPHONEOS_DEPLOYMENT_TARGET = 4.3;
				OTHER_CFLAGS = "-DNS_BLOCK_ASSERTIONS=1";
				SDKROOT = iphoneos;
			};
			name = Release;
		};
		2DC139D413B3ACE90026D4D5 /* Debug */ = {
			isa = XCBuildConfiguration;
			buildSettings = {
				ALWAYS_SEARCH_USER_PATHS = NO;
				COPY_PHASE_STRIP = NO;
				GCC_DYNAMIC_NO_PIC = NO;
				GCC_PRECOMPILE_PREFIX_HEADER = YES;
				GCC_PREFIX_HEADER = "Theme Explorer/Theme Explorer-Prefix.pch";
				HEADER_SEARCH_PATHS = "$(BUILT_PRODUCTS_DIR)/**";
				INFOPLIST_FILE = "Theme Explorer/Theme Explorer-Info.plist";
				OTHER_LDFLAGS = "-all_load";
				PRODUCT_NAME = "$(TARGET_NAME)";
				WRAPPER_EXTENSION = app;
			};
			name = Debug;
		};
		2DC139D513B3ACE90026D4D5 /* Release */ = {
			isa = XCBuildConfiguration;
			buildSettings = {
				ALWAYS_SEARCH_USER_PATHS = NO;
				COPY_PHASE_STRIP = YES;
				GCC_PRECOMPILE_PREFIX_HEADER = YES;
				GCC_PREFIX_HEADER = "Theme Explorer/Theme Explorer-Prefix.pch";
				HEADER_SEARCH_PATHS = "$(BUILT_PRODUCTS_DIR)/**";
				INFOPLIST_FILE = "Theme Explorer/Theme Explorer-Info.plist";
				OTHER_LDFLAGS = "-all_load";
				PRODUCT_NAME = "$(TARGET_NAME)";
				VALIDATE_PRODUCT = YES;
				WRAPPER_EXTENSION = app;
			};
			name = Release;
		};
/* End XCBuildConfiguration section */

/* Begin XCConfigurationList section */
		2DC139AC13B3ACE90026D4D5 /* Build configuration list for PBXProject "Theme Explorer" */ = {
			isa = XCConfigurationList;
			buildConfigurations = (
				2DC139D113B3ACE90026D4D5 /* Debug */,
				2DC139D213B3ACE90026D4D5 /* Release */,
			);
			defaultConfigurationIsVisible = 0;
			defaultConfigurationName = Release;
		};
		2DC139D313B3ACE90026D4D5 /* Build configuration list for PBXNativeTarget "Theme Explorer" */ = {
			isa = XCConfigurationList;
			buildConfigurations = (
				2DC139D413B3ACE90026D4D5 /* Debug */,
				2DC139D513B3ACE90026D4D5 /* Release */,
			);
			defaultConfigurationIsVisible = 0;
			defaultConfigurationName = Release;
		};
/* End XCConfigurationList section */
	};
	rootObject = 2DC139A913B3ACE90026D4D5 /* Project object */;
}
